
Microsoft Visual Studio Solution File, Format Version 12.00
# Visual Studio Version 17
VisualStudioVersion = 17.10.35027.167
MinimumVisualStudioVersion = 10.0.40219.1
Project("{2150E333-8FDC-42A3-9474-1A3956D46DE8}") = "src", "src", "{53775BEA-B629-4B92-A05B-BF9FA501FD12}"
EndProject
Project("{2150E333-8FDC-42A3-9474-1A3956D46DE8}") = "test", "test", "{2B614A06-AFE3-437F-B927-266D27A5BD4E}"
EndProject
Project("{9A19103F-16F7-4668-BE54-9A1E7A4F7556}") = "BAIsic.LlmApi.Ollama", "src\BAIsic.LlmApi.Ollama\BAIsic.LlmApi.Ollama.csproj", "{B8A123B1-D867-4C2B-8C89-E8CF1FCA4176}"
EndProject
Project("{9A19103F-16F7-4668-BE54-9A1E7A4F7556}") = "BAIsic.LlmApi.Ollama.Tests", "test\BAIsic.LlmApi.Ollama.Tests\BAIsic.LlmApi.Ollama.Tests.csproj", "{F2B1B5AC-300A-47D8-826C-9C237D33C8CA}"
EndProject
Project("{9A19103F-16F7-4668-BE54-9A1E7A4F7556}") = "BAIsic.Tests", "test\BAIsic.Tests\BAIsic.Tests.csproj", "{8F37E59D-26CE-44E5-B813-CB955DADA21A}"
EndProject
Project("{9A19103F-16F7-4668-BE54-9A1E7A4F7556}") = "BAIsic.Interlocutor", "src\BAIsic.Interlocutor\BAIsic.Interlocutor.csproj", "{DEA9DB22-C137-4579-8C11-0DCA92C28763}"
EndProject
Project("{9A19103F-16F7-4668-BE54-9A1E7A4F7556}") = "BAIsic.Interlocutor.Tests", "test\BAIsic.Interlocutor.Tests\BAIsic.Interlocutor.Tests.csproj", "{059D9A33-7387-44DD-90AD-985A8836A46D}"
EndProject
Project("{FAE04EC0-301F-11D3-BF4B-00C04F79EFBC}") = "BAIsic.AgentWithOllama.Tests", "test\BAIsic.AgentWithOllama.Tests\BAIsic.AgentWithOllama.Tests.csproj", "{A55E17B9-54A0-4339-B3B7-F4930DA05A80}"
EndProject
Global
	GlobalSection(SolutionConfigurationPlatforms) = preSolution
		Debug|Any CPU = Debug|Any CPU
		Release|Any CPU = Release|Any CPU
	EndGlobalSection
	GlobalSection(ProjectConfigurationPlatforms) = postSolution
		{B8A123B1-D867-4C2B-8C89-E8CF1FCA4176}.Debug|Any CPU.ActiveCfg = Debug|Any CPU
		{B8A123B1-D867-4C2B-8C89-E8CF1FCA4176}.Debug|Any CPU.Build.0 = Debug|Any CPU
		{B8A123B1-D867-4C2B-8C89-E8CF1FCA4176}.Release|Any CPU.ActiveCfg = Release|Any CPU
		{B8A123B1-D867-4C2B-8C89-E8CF1FCA4176}.Release|Any CPU.Build.0 = Release|Any CPU
		{F2B1B5AC-300A-47D8-826C-9C237D33C8CA}.Debug|Any CPU.ActiveCfg = Debug|Any CPU
		{F2B1B5AC-300A-47D8-826C-9C237D33C8CA}.Debug|Any CPU.Build.0 = Debug|Any CPU
		{F2B1B5AC-300A-47D8-826C-9C237D33C8CA}.Release|Any CPU.ActiveCfg = Release|Any CPU
		{F2B1B5AC-300A-47D8-826C-9C237D33C8CA}.Release|Any CPU.Build.0 = Release|Any CPU
		{8F37E59D-26CE-44E5-B813-CB955DADA21A}.Debug|Any CPU.ActiveCfg = Debug|Any CPU
		{8F37E59D-26CE-44E5-B813-CB955DADA21A}.Debug|Any CPU.Build.0 = Debug|Any CPU
		{8F37E59D-26CE-44E5-B813-CB955DADA21A}.Release|Any CPU.ActiveCfg = Release|Any CPU
		{8F37E59D-26CE-44E5-B813-CB955DADA21A}.Release|Any CPU.Build.0 = Release|Any CPU
		{DEA9DB22-C137-4579-8C11-0DCA92C28763}.Debug|Any CPU.ActiveCfg = Debug|Any CPU
		{DEA9DB22-C137-4579-8C11-0DCA92C28763}.Debug|Any CPU.Build.0 = Debug|Any CPU
		{DEA9DB22-C137-4579-8C11-0DCA92C28763}.Release|Any CPU.ActiveCfg = Release|Any CPU
		{DEA9DB22-C137-4579-8C11-0DCA92C28763}.Release|Any CPU.Build.0 = Release|Any CPU
		{059D9A33-7387-44DD-90AD-985A8836A46D}.Debug|Any CPU.ActiveCfg = Debug|Any CPU
		{059D9A33-7387-44DD-90AD-985A8836A46D}.Debug|Any CPU.Build.0 = Debug|Any CPU
		{059D9A33-7387-44DD-90AD-985A8836A46D}.Release|Any CPU.ActiveCfg = Release|Any CPU
		{059D9A33-7387-44DD-90AD-985A8836A46D}.Release|Any CPU.Build.0 = Release|Any CPU
		{A55E17B9-54A0-4339-B3B7-F4930DA05A80}.Debug|Any CPU.ActiveCfg = Debug|Any CPU
		{A55E17B9-54A0-4339-B3B7-F4930DA05A80}.Debug|Any CPU.Build.0 = Debug|Any CPU
		{A55E17B9-54A0-4339-B3B7-F4930DA05A80}.Release|Any CPU.ActiveCfg = Release|Any CPU
		{A55E17B9-54A0-4339-B3B7-F4930DA05A80}.Release|Any CPU.Build.0 = Release|Any CPU
	EndGlobalSection
	GlobalSection(SolutionProperties) = preSolution
		HideSolutionNode = FALSE
	EndGlobalSection
	GlobalSection(NestedProjects) = preSolution
		{B8A123B1-D867-4C2B-8C89-E8CF1FCA4176} = {53775BEA-B629-4B92-A05B-BF9FA501FD12}
		{F2B1B5AC-300A-47D8-826C-9C237D33C8CA} = {2B614A06-AFE3-437F-B927-266D27A5BD4E}
		{8F37E59D-26CE-44E5-B813-CB955DADA21A} = {2B614A06-AFE3-437F-B927-266D27A5BD4E}
		{DEA9DB22-C137-4579-8C11-0DCA92C28763} = {53775BEA-B629-4B92-A05B-BF9FA501FD12}
		{059D9A33-7387-44DD-90AD-985A8836A46D} = {2B614A06-AFE3-437F-B927-266D27A5BD4E}
		{A55E17B9-54A0-4339-B3B7-F4930DA05A80} = {2B614A06-AFE3-437F-B927-266D27A5BD4E}
	EndGlobalSection
	GlobalSection(ExtensibilityGlobals) = postSolution
		SolutionGuid = {118D48B2-F36C-49F1-870A-E93A03618F69}
	EndGlobalSection
EndGlobal
